
Microsoft Visual Studio Solution File, Format Version 12.00
# Visual Studio Version 17
VisualStudioVersion = 17.8.34330.188
MinimumVisualStudioVersion = 10.0.40219.1
Project("{8BC9CEB8-8B4A-11D0-8D11-00A0C91BC942}") = "Experimental-CSGO-cheat", "Experimental-CSGO-cheat.vcxproj", "{1CCB9365-B473-47FD-9F26-1FC2ECA44CBA}"
EndProject
Global
	GlobalSection(SolutionConfigurationPlatforms) = preSolution
		Debug|x64 = Debug|x64
		Debug|x86 = Debug|x86
		Release|x64 = Release|x64
		Release|x86 = Release|x86
	EndGlobalSection
	GlobalSection(ProjectConfigurationPlatforms) = postSolution
		{1CCB9365-B473-47FD-9F26-1FC2ECA44CBA}.Debug|x64.ActiveCfg = Debug|x64
		{1CCB9365-B473-47FD-9F26-1FC2ECA44CBA}.Debug|x64.Build.0 = Debug|x64
		{1CCB9365-B473-47FD-9F26-1FC2ECA44CBA}.Debug|x86.ActiveCfg = Debug|Win32
		{1CCB9365-B473-47FD-9F26-1FC2ECA44CBA}.Debug|x86.Build.0 = Debug|Win32
		{1CCB9365-B473-47FD-9F26-1FC2ECA44CBA}.Release|x64.ActiveCfg = Release|x64
		{1CCB9365-B473-47FD-9F26-1FC2ECA44CBA}.Release|x64.Build.0 = Release|x64
		{1CCB9365-B473-47FD-9F26-1FC2ECA44CBA}.Release|x86.ActiveCfg = Release|Win32
		{1CCB9365-B473-47FD-9F26-1FC2ECA44CBA}.Release|x86.Build.0 = Release|Win32
	EndGlobalSection
	GlobalSection(SolutionProperties) = preSolution
		HideSolutionNode = FALSE
	EndGlobalSection
	GlobalSection(ExtensibilityGlobals) = postSolution
		SolutionGuid = {F10A7BBA-7826-41FD-AD34-6CC421F955A9}
	EndGlobalSection
EndGlobal
